{
  "version": 4,
  "terraform_version": "1.6.4",
  "serial": 175,
  "lineage": "4e08d988-0cfe-0847-d51e-d7089d565455",
  "outputs": {},
  "resources": [
    {
      "mode": "managed",
      "type": "hcloud_network",
      "name": "network",
      "provider": "provider[\"registry.terraform.io/hetznercloud/hcloud\"]",
      "instances": [
        {
          "schema_version": 0,
          "attributes": {
            "delete_protection": false,
            "expose_routes_to_vswitch": false,
            "id": "3782466",
            "ip_range": "10.0.0.0/16",
            "labels": null,
            "name": "network"
          },
          "sensitive_attributes": [],
          "private": "bnVsbA=="
        }
      ]
    },
    {
      "mode": "managed",
      "type": "hcloud_network_subnet",
      "name": "network-subnet-1",
      "provider": "provider[\"registry.terraform.io/hetznercloud/hcloud\"]",
      "instances": [
        {
          "schema_version": 0,
          "attributes": {
            "gateway": "10.0.0.1",
            "id": "3782466-10.0.1.0/24",
            "ip_range": "10.0.1.0/24",
            "network_id": 3782466,
            "network_zone": "eu-central",
            "type": "cloud",
            "vswitch_id": null
          },
          "sensitive_attributes": [],
          "private": "bnVsbA==",
          "dependencies": [
            "hcloud_network.network"
          ]
        }
      ]
    },
    {
      "mode": "managed",
      "type": "hcloud_server",
      "name": "haproxy-server",
      "provider": "provider[\"registry.terraform.io/hetznercloud/hcloud\"]",
      "instances": [
        {
          "schema_version": 0,
          "attributes": {
            "allow_deprecated_images": false,
            "backup_window": "",
            "backups": false,
            "datacenter": "hel1-dc2",
            "delete_protection": false,
            "firewall_ids": [],
            "id": "42100132",
            "ignore_remote_firewall_ids": false,
            "image": "ubuntu-22.04",
            "ipv4_address": "65.21.50.201",
            "ipv6_address": "2a01:4f9:c010:b8ff::1",
            "ipv6_network": "2a01:4f9:c010:b8ff::/64",
            "iso": null,
            "keep_disk": false,
            "labels": null,
            "location": "hel1",
            "name": "haproxy-server",
            "network": [
              {
                "alias_ips": [],
                "ip": "10.0.1.7",
                "mac_address": "86:00:00:72:d0:bf",
                "network_id": 3782466
              }
            ],
            "placement_group_id": null,
            "public_net": [],
            "rebuild_protection": false,
            "rescue": null,
            "server_type": "cpx11",
            "shutdown_before_deletion": false,
            "ssh_keys": [
              "bexruz@bexruz-HP-Laptop-15-dy2xxx"
            ],
            "status": "running",
            "timeouts": null,
            "user_data": null
          },
          "sensitive_attributes": [],
          "private": "eyJlMmJmYjczMC1lY2FhLTExZTYtOGY4OC0zNDM2M2JjN2M0YzAiOnsiY3JlYXRlIjo1NDAwMDAwMDAwMDAwfX0=",
          "dependencies": [
            "hcloud_network.network",
            "hcloud_network_subnet.network-subnet-1"
          ]
        }
      ]
    },
    {
      "mode": "managed",
      "type": "hcloud_server",
      "name": "master-1",
      "provider": "provider[\"registry.terraform.io/hetznercloud/hcloud\"]",
      "instances": [
        {
          "schema_version": 0,
          "attributes": {
            "allow_deprecated_images": false,
            "backup_window": "",
            "backups": false,
            "datacenter": "hel1-dc2",
            "delete_protection": false,
            "firewall_ids": [],
            "id": "42100131",
            "ignore_remote_firewall_ids": false,
            "image": "ubuntu-22.04",
            "ipv4_address": "65.108.219.172",
            "ipv6_address": "2a01:4f9:c012:c140::1",
            "ipv6_network": "2a01:4f9:c012:c140::/64",
            "iso": null,
            "keep_disk": false,
            "labels": null,
            "location": "hel1",
            "name": "master-1",
            "network": [
              {
                "alias_ips": [],
                "ip": "10.0.1.5",
                "mac_address": "86:00:00:72:d0:be",
                "network_id": 3782466
              }
            ],
            "placement_group_id": null,
            "public_net": [],
            "rebuild_protection": false,
            "rescue": null,
            "server_type": "cpx11",
            "shutdown_before_deletion": false,
            "ssh_keys": [
              "bexruz@bexruz-HP-Laptop-15-dy2xxx"
            ],
            "status": "running",
            "timeouts": null,
            "user_data": null
          },
          "sensitive_attributes": [],
          "private": "eyJlMmJmYjczMC1lY2FhLTExZTYtOGY4OC0zNDM2M2JjN2M0YzAiOnsiY3JlYXRlIjo1NDAwMDAwMDAwMDAwfX0=",
          "dependencies": [
            "hcloud_network.network",
            "hcloud_network_subnet.network-subnet-1"
          ]
        }
      ]
    },
    {
      "mode": "managed",
      "type": "hcloud_server",
      "name": "worker-1",
      "provider": "provider[\"registry.terraform.io/hetznercloud/hcloud\"]",
      "instances": [
        {
          "schema_version": 0,
          "attributes": {
            "allow_deprecated_images": false,
            "backup_window": "",
            "backups": false,
            "datacenter": "hel1-dc2",
            "delete_protection": false,
            "firewall_ids": [],
            "id": "42100130",
            "ignore_remote_firewall_ids": false,
            "image": "ubuntu-22.04",
            "ipv4_address": "65.108.51.76",
            "ipv6_address": "2a01:4f9:c012:8795::1",
            "ipv6_network": "2a01:4f9:c012:8795::/64",
            "iso": null,
            "keep_disk": false,
            "labels": null,
            "location": "hel1",
            "name": "worker-1",
            "network": [
              {
                "alias_ips": [],
                "ip": "10.0.1.4",
                "mac_address": "86:00:00:72:d0:bc",
                "network_id": 3782466
              }
            ],
            "placement_group_id": null,
            "public_net": [],
            "rebuild_protection": false,
            "rescue": null,
            "server_type": "cpx11",
            "shutdown_before_deletion": false,
            "ssh_keys": [
              "bexruz@bexruz-HP-Laptop-15-dy2xxx"
            ],
            "status": "running",
            "timeouts": null,
            "user_data": null
          },
          "sensitive_attributes": [],
          "private": "eyJlMmJmYjczMC1lY2FhLTExZTYtOGY4OC0zNDM2M2JjN2M0YzAiOnsiY3JlYXRlIjo1NDAwMDAwMDAwMDAwfX0=",
          "dependencies": [
            "hcloud_network.network",
            "hcloud_network_subnet.network-subnet-1"
          ]
        }
      ]
    }
  ],
  "check_results": null
}
